
Microsoft Visual Studio Solution File, Format Version 12.00
# Visual Studio 14
VisualStudioVersion = 14.0.25420.1
MinimumVisualStudioVersion = 10.0.40219.1
Project("{FAE04EC0-301F-11D3-BF4B-00C04F79EFBC}") = "DependencyInjection", "DependencyInjection\DependencyInjection.csproj", "{A1D13229-726E-466B-B0EA-A7A2F867DCCA}"
EndProject
Project("{FAE04EC0-301F-11D3-BF4B-00C04F79EFBC}") = "DependencyInjection.UnitTests", "DependencyInjection.UnitTests\DependencyInjection.UnitTests.csproj", "{64296023-01DE-4507-BC36-DC1C63F14353}"
EndProject
Global
	GlobalSection(SolutionConfigurationPlatforms) = preSolution
		Debug|Any CPU = Debug|Any CPU
		Release|Any CPU = Release|Any CPU
	EndGlobalSection
	GlobalSection(ProjectConfigurationPlatforms) = postSolution
		{A1D13229-726E-466B-B0EA-A7A2F867DCCA}.Debug|Any CPU.ActiveCfg = Debug|Any CPU
		{A1D13229-726E-466B-B0EA-A7A2F867DCCA}.Debug|Any CPU.Build.0 = Debug|Any CPU
		{A1D13229-726E-466B-B0EA-A7A2F867DCCA}.Release|Any CPU.ActiveCfg = Release|Any CPU
		{A1D13229-726E-466B-B0EA-A7A2F867DCCA}.Release|Any CPU.Build.0 = Release|Any CPU
		{64296023-01DE-4507-BC36-DC1C63F14353}.Debug|Any CPU.ActiveCfg = Debug|Any CPU
		{64296023-01DE-4507-BC36-DC1C63F14353}.Debug|Any CPU.Build.0 = Debug|Any CPU
		{64296023-01DE-4507-BC36-DC1C63F14353}.Release|Any CPU.ActiveCfg = Release|Any CPU
		{64296023-01DE-4507-BC36-DC1C63F14353}.Release|Any CPU.Build.0 = Release|Any CPU
	EndGlobalSection
	GlobalSection(SolutionProperties) = preSolution
		HideSolutionNode = FALSE
	EndGlobalSection
EndGlobal
